# THIS IS AN AUTOGENERATED FILE. DO NOT EDIT THIS FILE DIRECTLY.
# yarn lockfile v1


"@types/marked@^0.3.0":
  version "0.3.0"
  resolved "https://registry.yarnpkg.com/@types/marked/-/marked-0.3.0.tgz#583c223dd33385a1dda01aaf77b0cd0411c4b524"

"@types/mkdirp@^0.5.2":
  version "0.5.2"
  resolved "https://registry.yarnpkg.com/@types/mkdirp/-/mkdirp-0.5.2.tgz#503aacfe5cc2703d5484326b1b27efa67a339c1f"
  dependencies:
    "@types/node" "*"

"@types/node@*", "@types/node@^8.5.1":
  version "8.5.1"
  resolved "https://registry.yarnpkg.com/@types/node/-/node-8.5.1.tgz#4ec3020bcdfe2abffeef9ba3fbf26fca097514b5"

"@types/recursive-readdir@^2.2.0":
  version "2.2.0"
  resolved "https://registry.yarnpkg.com/@types/recursive-readdir/-/recursive-readdir-2.2.0.tgz#b39cd5474fd58ea727fe434d5c68b7a20ba9121c"
  dependencies:
    "@types/node" "*"

abbrev@1:
  version "1.1.1"
  resolved "https://registry.yarnpkg.com/abbrev/-/abbrev-1.1.1.tgz#f8f2c887ad10bf67f634f005b6987fed3179aac8"

argparse@^1.0.7:
  version "1.0.9"
  resolved "https://registry.yarnpkg.com/argparse/-/argparse-1.0.9.tgz#73d83bc263f86e97f8cc4f6bae1b0e90a7d22c86"
  dependencies:
    sprintf-js "~1.0.2"

balanced-match@^1.0.0:
  version "1.0.0"
  resolved "https://registry.yarnpkg.com/balanced-match/-/balanced-match-1.0.0.tgz#89b4d199ab2bee49de164ea02b89ce462d71b767"

bluebird@^3.0.5:
  version "3.5.1"
  resolved "https://registry.yarnpkg.com/bluebird/-/bluebird-3.5.1.tgz#d9551f9de98f1fcda1e683d17ee91a0602ee2eb9"

brace-expansion@^1.0.0:
  version "1.1.8"
  resolved "https://registry.yarnpkg.com/brace-expansion/-/brace-expansion-1.1.8.tgz#c07b211c7c952ec1f8efd51a77ef0d1d3990a292"
  dependencies:
    balanced-match "^1.0.0"
    concat-map "0.0.1"

commander@^2.9.0:
  version "2.12.2"
  resolved "https://registry.yarnpkg.com/commander/-/commander-2.12.2.tgz#0f5946c427ed9ec0d91a46bb9def53e54650e555"

concat-map@0.0.1:
  version "0.0.1"
  resolved "https://registry.yarnpkg.com/concat-map/-/concat-map-0.0.1.tgz#d8a96bd77fd68df7793a73036a3ba0d5405d477b"

condense-newlines@^0.2.1:
  version "0.2.1"
  resolved "https://registry.yarnpkg.com/condense-newlines/-/condense-newlines-0.2.1.tgz#3de985553139475d32502c83b02f60684d24c55f"
  dependencies:
    extend-shallow "^2.0.1"
    is-whitespace "^0.3.0"
    kind-of "^3.0.2"

config-chain@~1.1.5:
  version "1.1.11"
  resolved "https://registry.yarnpkg.com/config-chain/-/config-chain-1.1.11.tgz#aba09747dfbe4c3e70e766a6e41586e1859fc6f2"
  dependencies:
    ini "^1.3.4"
    proto-list "~1.2.1"

editorconfig@^0.13.2:
  version "0.13.3"
  resolved "https://registry.yarnpkg.com/editorconfig/-/editorconfig-0.13.3.tgz#e5219e587951d60958fd94ea9a9a008cdeff1b34"
  dependencies:
    bluebird "^3.0.5"
    commander "^2.9.0"
    lru-cache "^3.2.0"
    semver "^5.1.0"
    sigmund "^1.0.1"

esprima@^4.0.0:
  version "4.0.0"
  resolved "https://registry.yarnpkg.com/esprima/-/esprima-4.0.0.tgz#4499eddcd1110e0b218bacf2fa7f7f59f55ca804"

extend-shallow@^2.0.1:
  version "2.0.1"
  resolved "https://registry.yarnpkg.com/extend-shallow/-/extend-shallow-2.0.1.tgz#51af7d614ad9a9f610ea1bafbb989d6b1c56890f"
  dependencies:
    is-extendable "^0.1.0"

front-matter@^2.3.0:
  version "2.3.0"
  resolved "https://registry.yarnpkg.com/front-matter/-/front-matter-2.3.0.tgz#7203af896ce357ee04e2aa45169ea91ed7f67504"
  dependencies:
    js-yaml "^3.10.0"

ini@^1.3.4:
  version "1.3.5"
  resolved "https://registry.yarnpkg.com/ini/-/ini-1.3.5.tgz#eee25f56db1c9ec6085e0c22778083f596abf927"

is-buffer@^1.1.5:
  version "1.1.6"
  resolved "https://registry.yarnpkg.com/is-buffer/-/is-buffer-1.1.6.tgz#efaa2ea9daa0d7ab2ea13a97b2b8ad51fefbe8be"

is-extendable@^0.1.0:
  version "0.1.1"
  resolved "https://registry.yarnpkg.com/is-extendable/-/is-extendable-0.1.1.tgz#62b110e289a471418e3ec36a617d472e301dfc89"

is-whitespace@^0.3.0:
  version "0.3.0"
  resolved "https://registry.yarnpkg.com/is-whitespace/-/is-whitespace-0.3.0.tgz#1639ecb1be036aec69a54cbb401cfbed7114ab7f"

js-beautify@^1.6.12:
  version "1.7.5"
  resolved "https://registry.yarnpkg.com/js-beautify/-/js-beautify-1.7.5.tgz#69d9651ef60dbb649f65527b53674950138a7919"
  dependencies:
    config-chain "~1.1.5"
    editorconfig "^0.13.2"
    mkdirp "~0.5.0"
    nopt "~3.0.1"

js-yaml@^3.10.0:
  version "3.10.0"
  resolved "https://registry.yarnpkg.com/js-yaml/-/js-yaml-3.10.0.tgz#2e78441646bd4682e963f22b6e92823c309c62dc"
  dependencies:
    argparse "^1.0.7"
    esprima "^4.0.0"

kind-of@^3.0.2:
  version "3.2.2"
  resolved "https://registry.yarnpkg.com/kind-of/-/kind-of-3.2.2.tgz#31ea21a734bab9bbb0f32466d893aea51e4a3c64"
  dependencies:
    is-buffer "^1.1.5"

lru-cache@^3.2.0:
  version "3.2.0"
  resolved "https://registry.yarnpkg.com/lru-cache/-/lru-cache-3.2.0.tgz#71789b3b7f5399bec8565dda38aa30d2a097efee"
  dependencies:
    pseudomap "^1.0.1"

marked@^0.3.7:
  version "0.3.7"
  resolved "https://registry.yarnpkg.com/marked/-/marked-0.3.7.tgz#80ef3bbf1bd00d1c9cfebe42ba1b8c85da258d0d"

minimatch@3.0.3:
  version "3.0.3"
  resolved "https://registry.yarnpkg.com/minimatch/-/minimatch-3.0.3.tgz#2a4e4090b96b2db06a9d7df01055a62a77c9b774"
  dependencies:
    brace-expansion "^1.0.0"

minimist@0.0.8:
  version "0.0.8"
  resolved "https://registry.yarnpkg.com/minimist/-/minimist-0.0.8.tgz#857fcabfc3397d2625b8228262e86aa7a011b05d"

mkdirp@~0.5.0:
  version "0.5.1"
  resolved "https://registry.yarnpkg.com/mkdirp/-/mkdirp-0.5.1.tgz#30057438eac6cf7f8c4767f38648d6697d75c903"
  dependencies:
    minimist "0.0.8"

nodefunc-promisify@^2.0.2:
  version "2.0.2"
  resolved "https://registry.yarnpkg.com/nodefunc-promisify/-/nodefunc-promisify-2.0.2.tgz#9545952bf43601a27ea99d0b3be87952ff695d60"

nopt@~3.0.1:
  version "3.0.6"
  resolved "https://registry.yarnpkg.com/nopt/-/nopt-3.0.6.tgz#c6465dbf08abcd4db359317f79ac68a646b28ff9"
  dependencies:
    abbrev "1"

pretty@^2.0.0:
  version "2.0.0"
  resolved "https://registry.yarnpkg.com/pretty/-/pretty-2.0.0.tgz#adbc7960b7bbfe289a557dc5f737619a220d06a5"
  dependencies:
    condense-newlines "^0.2.1"
    extend-shallow "^2.0.1"
    js-beautify "^1.6.12"

proto-list@~1.2.1:
  version "1.2.4"
  resolved "https://registry.yarnpkg.com/proto-list/-/proto-list-1.2.4.tgz#212d5bfe1318306a420f6402b8e26ff39647a849"

pseudomap@^1.0.1:
  version "1.0.2"
  resolved "https://registry.yarnpkg.com/pseudomap/-/pseudomap-1.0.2.tgz#f052a28da70e618917ef0a8ac34c1ae5a68286b3"

recursive-readdir@^2.2.1:
  version "2.2.1"
  resolved "https://registry.yarnpkg.com/recursive-readdir/-/recursive-readdir-2.2.1.tgz#90ef231d0778c5ce093c9a48d74e5c5422d13a99"
  dependencies:
    minimatch "3.0.3"

semver@^5.1.0:
  version "5.4.1"
  resolved "https://registry.yarnpkg.com/semver/-/semver-5.4.1.tgz#e059c09d8571f0540823733433505d3a2f00b18e"

sigmund@^1.0.1:
  version "1.0.1"
  resolved "https://registry.yarnpkg.com/sigmund/-/sigmund-1.0.1.tgz#3ff21f198cad2175f9f3b781853fd94d0d19b590"

sprintf-js@~1.0.2:
  version "1.0.3"
  resolved "https://registry.yarnpkg.com/sprintf-js/-/sprintf-js-1.0.3.tgz#04e6926f662895354f3dd015203633b857297e2c"
